// !$*UTF8*$!
{
	archiveVersion = 1;
	classes = {
	};
	objectVersion = 56;
	objects = {

/* Begin PBXBuildFile section */
		5541AA0129D9EC3E00643055 /* AppDelegate.swift in Sources */ = {isa = PBXBuildFile; fileRef = 5541AA0029D9EC3E00643055 /* AppDelegate.swift */; };
		5541AA0329D9EC3E00643055 /* SceneDelegate.swift in Sources */ = {isa = PBXBuildFile; fileRef = 5541AA0229D9EC3E00643055 /* SceneDelegate.swift */; };
		5541AA0829D9EC3E00643055 /* Main.storyboard in Resources */ = {isa = PBXBuildFile; fileRef = 5541AA0629D9EC3E00643055 /* Main.storyboard */; };
		5541AA0A29D9EC3F00643055 /* Assets.xcassets in Resources */ = {isa = PBXBuildFile; fileRef = 5541AA0929D9EC3F00643055 /* Assets.xcassets */; };
		5541AA0D29D9EC3F00643055 /* LaunchScreen.storyboard in Resources */ = {isa = PBXBuildFile; fileRef = 5541AA0B29D9EC3F00643055 /* LaunchScreen.storyboard */; };
		5541AA1629D9ED9700643055 /* person.json in Resources */ = {isa = PBXBuildFile; fileRef = 5541AA1529D9ED9700643055 /* person.json */; };
		5541AA1929D9F00000643055 /* Person.swift in Sources */ = {isa = PBXBuildFile; fileRef = 5541AA1829D9F00000643055 /* Person.swift */; };
		5541AA1B29D9F15000643055 /* Address.swift in Sources */ = {isa = PBXBuildFile; fileRef = 5541AA1A29D9F15000643055 /* Address.swift */; };
		5541AA1D29D9F19800643055 /* PhoneNumber.swift in Sources */ = {isa = PBXBuildFile; fileRef = 5541AA1C29D9F19800643055 /* PhoneNumber.swift */; };
		5541AA2429DA4B1500643055 /* PersonTableViewController.swift in Sources */ = {isa = PBXBuildFile; fileRef = 5541AA2329DA4B1500643055 /* PersonTableViewController.swift */; };
		5541AA2E29DB703400643055 /* JsonPersistable.swift in Sources */ = {isa = PBXBuildFile; fileRef = 5541AA2D29DB703400643055 /* JsonPersistable.swift */; };
		5541AA3229DB975500643055 /* Persistable.swift in Sources */ = {isa = PBXBuildFile; fileRef = 5541AA3129DB975500643055 /* Persistable.swift */; };
		5541AA3429DB9D4200643055 /* DataManager.swift in Sources */ = {isa = PBXBuildFile; fileRef = 5541AA3329DB9D4200643055 /* DataManager.swift */; };
		5541AA3629DC66C700643055 /* person.plist in Resources */ = {isa = PBXBuildFile; fileRef = 5541AA3529DC66C700643055 /* person.plist */; };
		5541AA3829DCA09D00643055 /* PlistPersistable.swift in Sources */ = {isa = PBXBuildFile; fileRef = 5541AA3729DCA09D00643055 /* PlistPersistable.swift */; };
		5541AA3A29DCA2D800643055 /* Utilities.swift in Sources */ = {isa = PBXBuildFile; fileRef = 5541AA3929DCA2D800643055 /* Utilities.swift */; };
		5541AA3F29DE064E00643055 /* PersonDetailViewController.swift in Sources */ = {isa = PBXBuildFile; fileRef = 5541AA3E29DE064E00643055 /* PersonDetailViewController.swift */; };
		556C74F52A169F6200D50F4D /* Realm in Frameworks */ = {isa = PBXBuildFile; productRef = 556C74F42A169F6200D50F4D /* Realm */; };
		556C74F72A169F6200D50F4D /* RealmSwift in Frameworks */ = {isa = PBXBuildFile; productRef = 556C74F62A169F6200D50F4D /* RealmSwift */; };
		556C74FA2A169FAB00D50F4D /* PersonRM.swift in Sources */ = {isa = PBXBuildFile; fileRef = 556C74F92A169FAB00D50F4D /* PersonRM.swift */; };
		556C74FE2A16A1B800D50F4D /* AddressRM.swift in Sources */ = {isa = PBXBuildFile; fileRef = 556C74FD2A16A1B800D50F4D /* AddressRM.swift */; };
		556C75002A16A1C600D50F4D /* PhoneNumberRM.swift in Sources */ = {isa = PBXBuildFile; fileRef = 556C74FF2A16A1C600D50F4D /* PhoneNumberRM.swift */; };
		556C75042A16A5B200D50F4D /* PersonRealmTableViewController.swift in Sources */ = {isa = PBXBuildFile; fileRef = 556C75032A16A5B200D50F4D /* PersonRealmTableViewController.swift */; };
		556C75062A16A62600D50F4D /* RealmLoader.swift in Sources */ = {isa = PBXBuildFile; fileRef = 556C75052A16A62600D50F4D /* RealmLoader.swift */; };
		556C750A2A16E1F400D50F4D /* PersonRealmDetailViewController.swift in Sources */ = {isa = PBXBuildFile; fileRef = 556C75092A16E1F400D50F4D /* PersonRealmDetailViewController.swift */; };
		55E2E04B2A1000E00075BA1B /* PersonCoreDataDetailViewController.swift in Sources */ = {isa = PBXBuildFile; fileRef = 55E2E04A2A1000E00075BA1B /* PersonCoreDataDetailViewController.swift */; };
		55F8B91229F5C3FA000C48D0 /* LICENSE.md in Resources */ = {isa = PBXBuildFile; fileRef = 55F8B91129F5C3FA000C48D0 /* LICENSE.md */; };
		55F8B91B29F82933000C48D0 /* README.md in Resources */ = {isa = PBXBuildFile; fileRef = 55F8B91A29F82933000C48D0 /* README.md */; };
		55F8B91D29F8293C000C48D0 /* diagram.png in Resources */ = {isa = PBXBuildFile; fileRef = 55F8B91C29F8293C000C48D0 /* diagram.png */; };
		55F8B97C2A019148000C48D0 /* PersonModel.xcdatamodeld in Sources */ = {isa = PBXBuildFile; fileRef = 55F8B97A2A019148000C48D0 /* PersonModel.xcdatamodeld */; };
		55F8B99D2A019FFD000C48D0 /* PhoneNumberCD+CoreDataClass.swift in Sources */ = {isa = PBXBuildFile; fileRef = 55F8B9992A019FFD000C48D0 /* PhoneNumberCD+CoreDataClass.swift */; };
		55F8B99E2A019FFD000C48D0 /* PhoneNumberCD+CoreDataProperties.swift in Sources */ = {isa = PBXBuildFile; fileRef = 55F8B99A2A019FFD000C48D0 /* PhoneNumberCD+CoreDataProperties.swift */; };
		55F8B99F2A019FFD000C48D0 /* PersonCD+CoreDataClass.swift in Sources */ = {isa = PBXBuildFile; fileRef = 55F8B99B2A019FFD000C48D0 /* PersonCD+CoreDataClass.swift */; };
		55F8B9A02A019FFD000C48D0 /* PersonCD+CoreDataProperties.swift in Sources */ = {isa = PBXBuildFile; fileRef = 55F8B99C2A019FFD000C48D0 /* PersonCD+CoreDataProperties.swift */; };
		55F8B9A22A01A2F7000C48D0 /* PersonCoreDataTableViewController.swift in Sources */ = {isa = PBXBuildFile; fileRef = 55F8B9A12A01A2F7000C48D0 /* PersonCoreDataTableViewController.swift */; };
		55F8B9C72A01ABBD000C48D0 /* DataLoader.swift in Sources */ = {isa = PBXBuildFile; fileRef = 55F8B9C62A01ABBD000C48D0 /* DataLoader.swift */; };
		55FB145C29E6FC2A00599CC3 /* RemoteDataManager.swift in Sources */ = {isa = PBXBuildFile; fileRef = 55FB145B29E6FC2A00599CC3 /* RemoteDataManager.swift */; };
		55FB145E29E7383800599CC3 /* RemotePersonTableViewController.swift in Sources */ = {isa = PBXBuildFile; fileRef = 55FB145D29E7383800599CC3 /* RemotePersonTableViewController.swift */; };
		55FB146029E73CA600599CC3 /* RemotePersonDetailViewController.swift in Sources */ = {isa = PBXBuildFile; fileRef = 55FB145F29E73CA600599CC3 /* RemotePersonDetailViewController.swift */; };
		55FB146229E84F2300599CC3 /* SharedDataManager.swift in Sources */ = {isa = PBXBuildFile; fileRef = 55FB146129E84F2300599CC3 /* SharedDataManager.swift */; };
		55FB146429E851A500599CC3 /* PersonDataManager.swift in Sources */ = {isa = PBXBuildFile; fileRef = 55FB146329E851A500599CC3 /* PersonDataManager.swift */; };
/* End PBXBuildFile section */

/* Begin PBXFileReference section */
		5541A9FD29D9EC3E00643055 /* DataManager.app */ = {isa = PBXFileReference; explicitFileType = wrapper.application; includeInIndex = 0; path = DataManager.app; sourceTree = BUILT_PRODUCTS_DIR; };
		5541AA0029D9EC3E00643055 /* AppDelegate.swift */ = {isa = PBXFileReference; lastKnownFileType = sourcecode.swift; path = AppDelegate.swift; sourceTree = "<group>"; };
		5541AA0229D9EC3E00643055 /* SceneDelegate.swift */ = {isa = PBXFileReference; lastKnownFileType = sourcecode.swift; path = SceneDelegate.swift; sourceTree = "<group>"; };
		5541AA0729D9EC3E00643055 /* Base */ = {isa = PBXFileReference; lastKnownFileType = file.storyboard; name = Base; path = Base.lproj/Main.storyboard; sourceTree = "<group>"; };
		5541AA0929D9EC3F00643055 /* Assets.xcassets */ = {isa = PBXFileReference; lastKnownFileType = folder.assetcatalog; path = Assets.xcassets; sourceTree = "<group>"; };
		5541AA0C29D9EC3F00643055 /* Base */ = {isa = PBXFileReference; lastKnownFileType = file.storyboard; name = Base; path = Base.lproj/LaunchScreen.storyboard; sourceTree = "<group>"; };
		5541AA0E29D9EC3F00643055 /* Info.plist */ = {isa = PBXFileReference; lastKnownFileType = text.plist.xml; path = Info.plist; sourceTree = "<group>"; };
		5541AA1529D9ED9700643055 /* person.json */ = {isa = PBXFileReference; lastKnownFileType = text.json; path = person.json; sourceTree = "<group>"; };
		5541AA1829D9F00000643055 /* Person.swift */ = {isa = PBXFileReference; lastKnownFileType = sourcecode.swift; path = Person.swift; sourceTree = "<group>"; };
		5541AA1A29D9F15000643055 /* Address.swift */ = {isa = PBXFileReference; lastKnownFileType = sourcecode.swift; path = Address.swift; sourceTree = "<group>"; };
		5541AA1C29D9F19800643055 /* PhoneNumber.swift */ = {isa = PBXFileReference; lastKnownFileType = sourcecode.swift; path = PhoneNumber.swift; sourceTree = "<group>"; };
		5541AA2329DA4B1500643055 /* PersonTableViewController.swift */ = {isa = PBXFileReference; lastKnownFileType = sourcecode.swift; path = PersonTableViewController.swift; sourceTree = "<group>"; };
		5541AA2D29DB703400643055 /* JsonPersistable.swift */ = {isa = PBXFileReference; lastKnownFileType = sourcecode.swift; path = JsonPersistable.swift; sourceTree = "<group>"; };
		5541AA3129DB975500643055 /* Persistable.swift */ = {isa = PBXFileReference; lastKnownFileType = sourcecode.swift; path = Persistable.swift; sourceTree = "<group>"; };
		5541AA3329DB9D4200643055 /* DataManager.swift */ = {isa = PBXFileReference; lastKnownFileType = sourcecode.swift; path = DataManager.swift; sourceTree = "<group>"; };
		5541AA3529DC66C700643055 /* person.plist */ = {isa = PBXFileReference; lastKnownFileType = text.plist.xml; path = person.plist; sourceTree = "<group>"; };
		5541AA3729DCA09D00643055 /* PlistPersistable.swift */ = {isa = PBXFileReference; lastKnownFileType = sourcecode.swift; path = PlistPersistable.swift; sourceTree = "<group>"; };
		5541AA3929DCA2D800643055 /* Utilities.swift */ = {isa = PBXFileReference; lastKnownFileType = sourcecode.swift; path = Utilities.swift; sourceTree = "<group>"; };
		5541AA3E29DE064E00643055 /* PersonDetailViewController.swift */ = {isa = PBXFileReference; lastKnownFileType = sourcecode.swift; path = PersonDetailViewController.swift; sourceTree = "<group>"; };
		556C74F92A169FAB00D50F4D /* PersonRM.swift */ = {isa = PBXFileReference; lastKnownFileType = sourcecode.swift; path = PersonRM.swift; sourceTree = "<group>"; };
		556C74FD2A16A1B800D50F4D /* AddressRM.swift */ = {isa = PBXFileReference; lastKnownFileType = sourcecode.swift; path = AddressRM.swift; sourceTree = "<group>"; };
		556C74FF2A16A1C600D50F4D /* PhoneNumberRM.swift */ = {isa = PBXFileReference; lastKnownFileType = sourcecode.swift; path = PhoneNumberRM.swift; sourceTree = "<group>"; };
		556C75032A16A5B200D50F4D /* PersonRealmTableViewController.swift */ = {isa = PBXFileReference; lastKnownFileType = sourcecode.swift; path = PersonRealmTableViewController.swift; sourceTree = "<group>"; };
		556C75052A16A62600D50F4D /* RealmLoader.swift */ = {isa = PBXFileReference; lastKnownFileType = sourcecode.swift; path = RealmLoader.swift; sourceTree = "<group>"; };
		556C75092A16E1F400D50F4D /* PersonRealmDetailViewController.swift */ = {isa = PBXFileReference; lastKnownFileType = sourcecode.swift; path = PersonRealmDetailViewController.swift; sourceTree = "<group>"; };
		55E2E04A2A1000E00075BA1B /* PersonCoreDataDetailViewController.swift */ = {isa = PBXFileReference; lastKnownFileType = sourcecode.swift; path = PersonCoreDataDetailViewController.swift; sourceTree = "<group>"; };
		55F8B91129F5C3FA000C48D0 /* LICENSE.md */ = {isa = PBXFileReference; fileEncoding = 4; lastKnownFileType = net.daringfireball.markdown; path = LICENSE.md; sourceTree = "<group>"; };
		55F8B91A29F82933000C48D0 /* README.md */ = {isa = PBXFileReference; fileEncoding = 4; lastKnownFileType = net.daringfireball.markdown; path = README.md; sourceTree = "<group>"; };
		55F8B91C29F8293C000C48D0 /* diagram.png */ = {isa = PBXFileReference; lastKnownFileType = image.png; path = diagram.png; sourceTree = "<group>"; };
		55F8B97B2A019148000C48D0 /* PersonModel.xcdatamodel */ = {isa = PBXFileReference; lastKnownFileType = wrapper.xcdatamodel; path = PersonModel.xcdatamodel; sourceTree = "<group>"; };
		55F8B9992A019FFD000C48D0 /* PhoneNumberCD+CoreDataClass.swift */ = {isa = PBXFileReference; lastKnownFileType = sourcecode.swift; path = "PhoneNumberCD+CoreDataClass.swift"; sourceTree = "<group>"; };
		55F8B99A2A019FFD000C48D0 /* PhoneNumberCD+CoreDataProperties.swift */ = {isa = PBXFileReference; lastKnownFileType = sourcecode.swift; path = "PhoneNumberCD+CoreDataProperties.swift"; sourceTree = "<group>"; };
		55F8B99B2A019FFD000C48D0 /* PersonCD+CoreDataClass.swift */ = {isa = PBXFileReference; lastKnownFileType = sourcecode.swift; path = "PersonCD+CoreDataClass.swift"; sourceTree = "<group>"; };
		55F8B99C2A019FFD000C48D0 /* PersonCD+CoreDataProperties.swift */ = {isa = PBXFileReference; lastKnownFileType = sourcecode.swift; path = "PersonCD+CoreDataProperties.swift"; sourceTree = "<group>"; };
		55F8B9A12A01A2F7000C48D0 /* PersonCoreDataTableViewController.swift */ = {isa = PBXFileReference; lastKnownFileType = sourcecode.swift; path = PersonCoreDataTableViewController.swift; sourceTree = "<group>"; };
		55F8B9C62A01ABBD000C48D0 /* DataLoader.swift */ = {isa = PBXFileReference; lastKnownFileType = sourcecode.swift; path = DataLoader.swift; sourceTree = "<group>"; };
		55FB145B29E6FC2A00599CC3 /* RemoteDataManager.swift */ = {isa = PBXFileReference; lastKnownFileType = sourcecode.swift; path = RemoteDataManager.swift; sourceTree = "<group>"; };
		55FB145D29E7383800599CC3 /* RemotePersonTableViewController.swift */ = {isa = PBXFileReference; lastKnownFileType = sourcecode.swift; path = RemotePersonTableViewController.swift; sourceTree = "<group>"; };
		55FB145F29E73CA600599CC3 /* RemotePersonDetailViewController.swift */ = {isa = PBXFileReference; lastKnownFileType = sourcecode.swift; path = RemotePersonDetailViewController.swift; sourceTree = "<group>"; };
		55FB146129E84F2300599CC3 /* SharedDataManager.swift */ = {isa = PBXFileReference; lastKnownFileType = sourcecode.swift; path = SharedDataManager.swift; sourceTree = "<group>"; };
		55FB146329E851A500599CC3 /* PersonDataManager.swift */ = {isa = PBXFileReference; lastKnownFileType = sourcecode.swift; path = PersonDataManager.swift; sourceTree = "<group>"; };
/* End PBXFileReference section */

/* Begin PBXFrameworksBuildPhase section */
		5541A9FA29D9EC3E00643055 /* Frameworks */ = {
			isa = PBXFrameworksBuildPhase;
			buildActionMask = 2147483647;
			files = (
				556C74F72A169F6200D50F4D /* RealmSwift in Frameworks */,
				556C74F52A169F6200D50F4D /* Realm in Frameworks */,
			);
			runOnlyForDeploymentPostprocessing = 0;
		};
/* End PBXFrameworksBuildPhase section */

/* Begin PBXGroup section */
		5541A9F429D9EC3E00643055 = {
			isa = PBXGroup;
			children = (
				55F8B91A29F82933000C48D0 /* README.md */,
				55F8B91129F5C3FA000C48D0 /* LICENSE.md */,
				55F8B91C29F8293C000C48D0 /* diagram.png */,
				5541A9FF29D9EC3E00643055 /* DataManager */,
				5541A9FE29D9EC3E00643055 /* Products */,
			);
			sourceTree = "<group>";
		};
		5541A9FE29D9EC3E00643055 /* Products */ = {
			isa = PBXGroup;
			children = (
				5541A9FD29D9EC3E00643055 /* DataManager.app */,
			);
			name = Products;
			sourceTree = "<group>";
		};
		5541A9FF29D9EC3E00643055 /* DataManager */ = {
			isa = PBXGroup;
			children = (
				5541AA2229DA4AFD00643055 /* Controller */,
				5541AA1729D9EFEF00643055 /* Model */,
				5541AA1429D9EC6400643055 /* Data */,
				5541AA0029D9EC3E00643055 /* AppDelegate.swift */,
				5541AA0229D9EC3E00643055 /* SceneDelegate.swift */,
				5541AA0629D9EC3E00643055 /* Main.storyboard */,
				5541AA0929D9EC3F00643055 /* Assets.xcassets */,
				5541AA0B29D9EC3F00643055 /* LaunchScreen.storyboard */,
				5541AA0E29D9EC3F00643055 /* Info.plist */,
			);
			path = DataManager;
			sourceTree = "<group>";
		};
		5541AA1429D9EC6400643055 /* Data */ = {
			isa = PBXGroup;
			children = (
				5541AA1529D9ED9700643055 /* person.json */,
				5541AA3529DC66C700643055 /* person.plist */,
			);
			path = Data;
			sourceTree = "<group>";
		};
		5541AA1729D9EFEF00643055 /* Model */ = {
			isa = PBXGroup;
			children = (
				556C750B2A16F01900D50F4D /* Local */,
				556C74F82A169F8B00D50F4D /* Realm */,
				55F8B9792A019123000C48D0 /* CoreData */,
				5541AA3D29DDCB9600643055 /* DataManager */,
				55F8B91529F5C685000C48D0 /* RemoteDataManager */,
			);
			path = Model;
			sourceTree = "<group>";
		};
		5541AA2229DA4AFD00643055 /* Controller */ = {
			isa = PBXGroup;
			children = (
				5541AA2329DA4B1500643055 /* PersonTableViewController.swift */,
				5541AA3E29DE064E00643055 /* PersonDetailViewController.swift */,
				55FB145D29E7383800599CC3 /* RemotePersonTableViewController.swift */,
				55FB145F29E73CA600599CC3 /* RemotePersonDetailViewController.swift */,
				55F8B9A12A01A2F7000C48D0 /* PersonCoreDataTableViewController.swift */,
				55E2E04A2A1000E00075BA1B /* PersonCoreDataDetailViewController.swift */,
				556C75032A16A5B200D50F4D /* PersonRealmTableViewController.swift */,
				556C75092A16E1F400D50F4D /* PersonRealmDetailViewController.swift */,
			);
			path = Controller;
			sourceTree = "<group>";
		};
		5541AA3D29DDCB9600643055 /* DataManager */ = {
			isa = PBXGroup;
			children = (
				5541AA2D29DB703400643055 /* JsonPersistable.swift */,
				5541AA3129DB975500643055 /* Persistable.swift */,
				5541AA3329DB9D4200643055 /* DataManager.swift */,
				5541AA3729DCA09D00643055 /* PlistPersistable.swift */,
				5541AA3929DCA2D800643055 /* Utilities.swift */,
				55FB146129E84F2300599CC3 /* SharedDataManager.swift */,
			);
			path = DataManager;
			sourceTree = "<group>";
		};
		556C74F82A169F8B00D50F4D /* Realm */ = {
			isa = PBXGroup;
			children = (
				556C74F92A169FAB00D50F4D /* PersonRM.swift */,
				556C74FD2A16A1B800D50F4D /* AddressRM.swift */,
				556C74FF2A16A1C600D50F4D /* PhoneNumberRM.swift */,
				556C75052A16A62600D50F4D /* RealmLoader.swift */,
			);
			path = Realm;
			sourceTree = "<group>";
		};
		556C750B2A16F01900D50F4D /* Local */ = {
			isa = PBXGroup;
			children = (
				55FB146329E851A500599CC3 /* PersonDataManager.swift */,
				5541AA1829D9F00000643055 /* Person.swift */,
				5541AA1A29D9F15000643055 /* Address.swift */,
				5541AA1C29D9F19800643055 /* PhoneNumber.swift */,
			);
			path = Local;
			sourceTree = "<group>";
		};
		55F8B91529F5C685000C48D0 /* RemoteDataManager */ = {
			isa = PBXGroup;
			children = (
				55FB145B29E6FC2A00599CC3 /* RemoteDataManager.swift */,
			);
			path = RemoteDataManager;
			sourceTree = "<group>";
		};
		55F8B9792A019123000C48D0 /* CoreData */ = {
			isa = PBXGroup;
			children = (
				55F8B9992A019FFD000C48D0 /* PhoneNumberCD+CoreDataClass.swift */,
				55F8B99A2A019FFD000C48D0 /* PhoneNumberCD+CoreDataProperties.swift */,
				55F8B99B2A019FFD000C48D0 /* PersonCD+CoreDataClass.swift */,
				55F8B99C2A019FFD000C48D0 /* PersonCD+CoreDataProperties.swift */,
				55F8B97A2A019148000C48D0 /* PersonModel.xcdatamodeld */,
				55F8B9C62A01ABBD000C48D0 /* DataLoader.swift */,
			);
			path = CoreData;
			sourceTree = "<group>";
		};
/* End PBXGroup section */

/* Begin PBXNativeTarget section */
		5541A9FC29D9EC3E00643055 /* DataManager */ = {
			isa = PBXNativeTarget;
			buildConfigurationList = 5541AA1129D9EC3F00643055 /* Build configuration list for PBXNativeTarget "DataManager" */;
			buildPhases = (
				5541A9F929D9EC3E00643055 /* Sources */,
				5541A9FA29D9EC3E00643055 /* Frameworks */,
				5541A9FB29D9EC3E00643055 /* Resources */,
			);
			buildRules = (
			);
			dependencies = (
			);
			name = DataManager;
			packageProductDependencies = (
				556C74F42A169F6200D50F4D /* Realm */,
				556C74F62A169F6200D50F4D /* RealmSwift */,
			);
			productName = DataManager;
			productReference = 5541A9FD29D9EC3E00643055 /* DataManager.app */;
			productType = "com.apple.product-type.application";
		};
/* End PBXNativeTarget section */

/* Begin PBXProject section */
		5541A9F529D9EC3E00643055 /* Project object */ = {
			isa = PBXProject;
			attributes = {
				BuildIndependentTargetsInParallel = 1;
				LastSwiftUpdateCheck = 1430;
				LastUpgradeCheck = 1430;
				TargetAttributes = {
					5541A9FC29D9EC3E00643055 = {
						CreatedOnToolsVersion = 14.3;
					};
				};
			};
			buildConfigurationList = 5541A9F829D9EC3E00643055 /* Build configuration list for PBXProject "DataManager" */;
			compatibilityVersion = "Xcode 14.0";
			developmentRegion = en;
			hasScannedForEncodings = 0;
			knownRegions = (
				en,
				Base,
			);
			mainGroup = 5541A9F429D9EC3E00643055;
			packageReferences = (
				556C74F32A169F6200D50F4D /* XCRemoteSwiftPackageReference "realm-swift" */,
			);
			productRefGroup = 5541A9FE29D9EC3E00643055 /* Products */;
			projectDirPath = "";
			projectRoot = "";
			targets = (
				5541A9FC29D9EC3E00643055 /* DataManager */,
			);
		};
/* End PBXProject section */

/* Begin PBXResourcesBuildPhase section */
		5541A9FB29D9EC3E00643055 /* Resources */ = {
			isa = PBXResourcesBuildPhase;
			buildActionMask = 2147483647;
			files = (
				5541AA1629D9ED9700643055 /* person.json in Resources */,
				5541AA0D29D9EC3F00643055 /* LaunchScreen.storyboard in Resources */,
				5541AA3629DC66C700643055 /* person.plist in Resources */,
				55F8B91D29F8293C000C48D0 /* diagram.png in Resources */,
				55F8B91B29F82933000C48D0 /* README.md in Resources */,
				5541AA0A29D9EC3F00643055 /* Assets.xcassets in Resources */,
				55F8B91229F5C3FA000C48D0 /* LICENSE.md in Resources */,
				5541AA0829D9EC3E00643055 /* Main.storyboard in Resources */,
			);
			runOnlyForDeploymentPostprocessing = 0;
		};
/* End PBXResourcesBuildPhase section */

/* Begin PBXSourcesBuildPhase section */
		5541A9F929D9EC3E00643055 /* Sources */ = {
			isa = PBXSourcesBuildPhase;
			buildActionMask = 2147483647;
			files = (
				5541AA0129D9EC3E00643055 /* AppDelegate.swift in Sources */,
				5541AA1929D9F00000643055 /* Person.swift in Sources */,
				5541AA3A29DCA2D800643055 /* Utilities.swift in Sources */,
				55F8B9A22A01A2F7000C48D0 /* PersonCoreDataTableViewController.swift in Sources */,
				55F8B99F2A019FFD000C48D0 /* PersonCD+CoreDataClass.swift in Sources */,
				55FB146029E73CA600599CC3 /* RemotePersonDetailViewController.swift in Sources */,
				55FB146429E851A500599CC3 /* PersonDataManager.swift in Sources */,
				55F8B99D2A019FFD000C48D0 /* PhoneNumberCD+CoreDataClass.swift in Sources */,
				556C75002A16A1C600D50F4D /* PhoneNumberRM.swift in Sources */,
				55E2E04B2A1000E00075BA1B /* PersonCoreDataDetailViewController.swift in Sources */,
				5541AA0329D9EC3E00643055 /* SceneDelegate.swift in Sources */,
				55F8B97C2A019148000C48D0 /* PersonModel.xcdatamodeld in Sources */,
				556C74FA2A169FAB00D50F4D /* PersonRM.swift in Sources */,
				5541AA1B29D9F15000643055 /* Address.swift in Sources */,
				55FB145C29E6FC2A00599CC3 /* RemoteDataManager.swift in Sources */,
				55F8B9A02A019FFD000C48D0 /* PersonCD+CoreDataProperties.swift in Sources */,
				5541AA3429DB9D4200643055 /* DataManager.swift in Sources */,
				5541AA3829DCA09D00643055 /* PlistPersistable.swift in Sources */,
				5541AA2E29DB703400643055 /* JsonPersistable.swift in Sources */,
				556C74FE2A16A1B800D50F4D /* AddressRM.swift in Sources */,
				5541AA3229DB975500643055 /* Persistable.swift in Sources */,
				556C750A2A16E1F400D50F4D /* PersonRealmDetailViewController.swift in Sources */,
				5541AA3F29DE064E00643055 /* PersonDetailViewController.swift in Sources */,
				556C75062A16A62600D50F4D /* RealmLoader.swift in Sources */,
				5541AA1D29D9F19800643055 /* PhoneNumber.swift in Sources */,
				55FB145E29E7383800599CC3 /* RemotePersonTableViewController.swift in Sources */,
				556C75042A16A5B200D50F4D /* PersonRealmTableViewController.swift in Sources */,
				55F8B9C72A01ABBD000C48D0 /* DataLoader.swift in Sources */,
				55FB146229E84F2300599CC3 /* SharedDataManager.swift in Sources */,
				55F8B99E2A019FFD000C48D0 /* PhoneNumberCD+CoreDataProperties.swift in Sources */,
				5541AA2429DA4B1500643055 /* PersonTableViewController.swift in Sources */,
			);
			runOnlyForDeploymentPostprocessing = 0;
		};
/* End PBXSourcesBuildPhase section */

/* Begin PBXVariantGroup section */
		5541AA0629D9EC3E00643055 /* Main.storyboard */ = {
			isa = PBXVariantGroup;
			children = (
				5541AA0729D9EC3E00643055 /* Base */,
			);
			name = Main.storyboard;
			sourceTree = "<group>";
		};
		5541AA0B29D9EC3F00643055 /* LaunchScreen.storyboard */ = {
			isa = PBXVariantGroup;
			children = (
				5541AA0C29D9EC3F00643055 /* Base */,
			);
			name = LaunchScreen.storyboard;
			sourceTree = "<group>";
		};
/* End PBXVariantGroup section */

/* Begin XCBuildConfiguration section */
		5541AA0F29D9EC3F00643055 /* Debug */ = {
			isa = XCBuildConfiguration;
			buildSettings = {
				ALWAYS_SEARCH_USER_PATHS = NO;
				CLANG_ANALYZER_NONNULL = YES;
				CLANG_ANALYZER_NUMBER_OBJECT_CONVERSION = YES_AGGRESSIVE;
				CLANG_CXX_LANGUAGE_STANDARD = "gnu++20";
				CLANG_ENABLE_MODULES = YES;
				CLANG_ENABLE_OBJC_ARC = YES;
				CLANG_ENABLE_OBJC_WEAK = YES;
				CLANG_WARN_BLOCK_CAPTURE_AUTORELEASING = YES;
				CLANG_WARN_BOOL_CONVERSION = YES;
				CLANG_WARN_COMMA = YES;
				CLANG_WARN_CONSTANT_CONVERSION = YES;
				CLANG_WARN_DEPRECATED_OBJC_IMPLEMENTATIONS = YES;
				CLANG_WARN_DIRECT_OBJC_ISA_USAGE = YES_ERROR;
				CLANG_WARN_DOCUMENTATION_COMMENTS = YES;
				CLANG_WARN_EMPTY_BODY = YES;
				CLANG_WARN_ENUM_CONVERSION = YES;
				CLANG_WARN_INFINITE_RECURSION = YES;
				CLANG_WARN_INT_CONVERSION = YES;
				CLANG_WARN_NON_LITERAL_NULL_CONVERSION = YES;
				CLANG_WARN_OBJC_IMPLICIT_RETAIN_SELF = YES;
				CLANG_WARN_OBJC_LITERAL_CONVERSION = YES;
				CLANG_WARN_OBJC_ROOT_CLASS = YES_ERROR;
				CLANG_WARN_QUOTED_INCLUDE_IN_FRAMEWORK_HEADER = YES;
				CLANG_WARN_RANGE_LOOP_ANALYSIS = YES;
				CLANG_WARN_STRICT_PROTOTYPES = YES;
				CLANG_WARN_SUSPICIOUS_MOVE = YES;
				CLANG_WARN_UNGUARDED_AVAILABILITY = YES_AGGRESSIVE;
				CLANG_WARN_UNREACHABLE_CODE = YES;
				CLANG_WARN__DUPLICATE_METHOD_MATCH = YES;
				COPY_PHASE_STRIP = NO;
				DEBUG_INFORMATION_FORMAT = dwarf;
				ENABLE_STRICT_OBJC_MSGSEND = YES;
				ENABLE_TESTABILITY = YES;
				GCC_C_LANGUAGE_STANDARD = gnu11;
				GCC_DYNAMIC_NO_PIC = NO;
				GCC_NO_COMMON_BLOCKS = YES;
				GCC_OPTIMIZATION_LEVEL = 0;
				GCC_PREPROCESSOR_DEFINITIONS = (
					"DEBUG=1",
					"$(inherited)",
				);
				GCC_WARN_64_TO_32_BIT_CONVERSION = YES;
				GCC_WARN_ABOUT_RETURN_TYPE = YES_ERROR;
				GCC_WARN_UNDECLARED_SELECTOR = YES;
				GCC_WARN_UNINITIALIZED_AUTOS = YES_AGGRESSIVE;
				GCC_WARN_UNUSED_FUNCTION = YES;
				GCC_WARN_UNUSED_VARIABLE = YES;
				IPHONEOS_DEPLOYMENT_TARGET = 16.4;
				MTL_ENABLE_DEBUG_INFO = INCLUDE_SOURCE;
				MTL_FAST_MATH = YES;
				ONLY_ACTIVE_ARCH = YES;
				SDKROOT = iphoneos;
				SWIFT_ACTIVE_COMPILATION_CONDITIONS = DEBUG;
				SWIFT_OPTIMIZATION_LEVEL = "-Onone";
			};
			name = Debug;
		};
		5541AA1029D9EC3F00643055 /* Release */ = {
			isa = XCBuildConfiguration;
			buildSettings = {
				ALWAYS_SEARCH_USER_PATHS = NO;
				CLANG_ANALYZER_NONNULL = YES;
				CLANG_ANALYZER_NUMBER_OBJECT_CONVERSION = YES_AGGRESSIVE;
				CLANG_CXX_LANGUAGE_STANDARD = "gnu++20";
				CLANG_ENABLE_MODULES = YES;
				CLANG_ENABLE_OBJC_ARC = YES;
				CLANG_ENABLE_OBJC_WEAK = YES;
				CLANG_WARN_BLOCK_CAPTURE_AUTORELEASING = YES;
				CLANG_WARN_BOOL_CONVERSION = YES;
				CLANG_WARN_COMMA = YES;
				CLANG_WARN_CONSTANT_CONVERSION = YES;
				CLANG_WARN_DEPRECATED_OBJC_IMPLEMENTATIONS = YES;
				CLANG_WARN_DIRECT_OBJC_ISA_USAGE = YES_ERROR;
				CLANG_WARN_DOCUMENTATION_COMMENTS = YES;
				CLANG_WARN_EMPTY_BODY = YES;
				CLANG_WARN_ENUM_CONVERSION = YES;
				CLANG_WARN_INFINITE_RECURSION = YES;
				CLANG_WARN_INT_CONVERSION = YES;
				CLANG_WARN_NON_LITERAL_NULL_CONVERSION = YES;
				CLANG_WARN_OBJC_IMPLICIT_RETAIN_SELF = YES;
				CLANG_WARN_OBJC_LITERAL_CONVERSION = YES;
				CLANG_WARN_OBJC_ROOT_CLASS = YES_ERROR;
				CLANG_WARN_QUOTED_INCLUDE_IN_FRAMEWORK_HEADER = YES;
				CLANG_WARN_RANGE_LOOP_ANALYSIS = YES;
				CLANG_WARN_STRICT_PROTOTYPES = YES;
				CLANG_WARN_SUSPICIOUS_MOVE = YES;
				CLANG_WARN_UNGUARDED_AVAILABILITY = YES_AGGRESSIVE;
				CLANG_WARN_UNREACHABLE_CODE = YES;
				CLANG_WARN__DUPLICATE_METHOD_MATCH = YES;
				COPY_PHASE_STRIP = NO;
				DEBUG_INFORMATION_FORMAT = "dwarf-with-dsym";
				ENABLE_NS_ASSERTIONS = NO;
				ENABLE_STRICT_OBJC_MSGSEND = YES;
				GCC_C_LANGUAGE_STANDARD = gnu11;
				GCC_NO_COMMON_BLOCKS = YES;
				GCC_WARN_64_TO_32_BIT_CONVERSION = YES;
				GCC_WARN_ABOUT_RETURN_TYPE = YES_ERROR;
				GCC_WARN_UNDECLARED_SELECTOR = YES;
				GCC_WARN_UNINITIALIZED_AUTOS = YES_AGGRESSIVE;
				GCC_WARN_UNUSED_FUNCTION = YES;
				GCC_WARN_UNUSED_VARIABLE = YES;
				IPHONEOS_DEPLOYMENT_TARGET = 16.4;
				MTL_ENABLE_DEBUG_INFO = NO;
				MTL_FAST_MATH = YES;
				SDKROOT = iphoneos;
				SWIFT_COMPILATION_MODE = wholemodule;
				SWIFT_OPTIMIZATION_LEVEL = "-O";
				VALIDATE_PRODUCT = YES;
			};
			name = Release;
		};
		5541AA1229D9EC3F00643055 /* Debug */ = {
			isa = XCBuildConfiguration;
			buildSettings = {
				ASSETCATALOG_COMPILER_APPICON_NAME = AppIcon;
				ASSETCATALOG_COMPILER_GLOBAL_ACCENT_COLOR_NAME = AccentColor;
				CODE_SIGN_STYLE = Automatic;
				CURRENT_PROJECT_VERSION = 1;
				DEVELOPMENT_TEAM = V46QWZQ9X2;
				GENERATE_INFOPLIST_FILE = YES;
				INFOPLIST_FILE = DataManager/Info.plist;
				INFOPLIST_KEY_UIApplicationSupportsIndirectInputEvents = YES;
				INFOPLIST_KEY_UILaunchStoryboardName = LaunchScreen;
				INFOPLIST_KEY_UIMainStoryboardFile = Main;
				INFOPLIST_KEY_UISupportedInterfaceOrientations_iPad = "UIInterfaceOrientationPortrait UIInterfaceOrientationPortraitUpsideDown UIInterfaceOrientationLandscapeLeft UIInterfaceOrientationLandscapeRight";
				INFOPLIST_KEY_UISupportedInterfaceOrientations_iPhone = "UIInterfaceOrientationPortrait UIInterfaceOrientationLandscapeLeft UIInterfaceOrientationLandscapeRight";
				LD_RUNPATH_SEARCH_PATHS = (
					"$(inherited)",
					"@executable_path/Frameworks",
				);
				MARKETING_VERSION = 1.0;
				PRODUCT_BUNDLE_IDENTIFIER = com.daviddouglas.DataManager;
				PRODUCT_NAME = "$(TARGET_NAME)";
				SWIFT_EMIT_LOC_STRINGS = YES;
				SWIFT_VERSION = 5.0;
				TARGETED_DEVICE_FAMILY = "1,2";
			};
			name = Debug;
		};
		5541AA1329D9EC3F00643055 /* Release */ = {
			isa = XCBuildConfiguration;
			buildSettings = {
				ASSETCATALOG_COMPILER_APPICON_NAME = AppIcon;
				ASSETCATALOG_COMPILER_GLOBAL_ACCENT_COLOR_NAME = AccentColor;
				CODE_SIGN_STYLE = Automatic;
				CURRENT_PROJECT_VERSION = 1;
				DEVELOPMENT_TEAM = V46QWZQ9X2;
				GENERATE_INFOPLIST_FILE = YES;
				INFOPLIST_FILE = DataManager/Info.plist;
				INFOPLIST_KEY_UIApplicationSupportsIndirectInputEvents = YES;
				INFOPLIST_KEY_UILaunchStoryboardName = LaunchScreen;
				INFOPLIST_KEY_UIMainStoryboardFile = Main;
				INFOPLIST_KEY_UISupportedInterfaceOrientations_iPad = "UIInterfaceOrientationPortrait UIInterfaceOrientationPortraitUpsideDown UIInterfaceOrientationLandscapeLeft UIInterfaceOrientationLandscapeRight";
				INFOPLIST_KEY_UISupportedInterfaceOrientations_iPhone = "UIInterfaceOrientationPortrait UIInterfaceOrientationLandscapeLeft UIInterfaceOrientationLandscapeRight";
				LD_RUNPATH_SEARCH_PATHS = (
					"$(inherited)",
					"@executable_path/Frameworks",
				);
				MARKETING_VERSION = 1.0;
				PRODUCT_BUNDLE_IDENTIFIER = com.daviddouglas.DataManager;
				PRODUCT_NAME = "$(TARGET_NAME)";
				SWIFT_EMIT_LOC_STRINGS = YES;
				SWIFT_VERSION = 5.0;
				TARGETED_DEVICE_FAMILY = "1,2";
			};
			name = Release;
		};
/* End XCBuildConfiguration section */

/* Begin XCConfigurationList section */
		5541A9F829D9EC3E00643055 /* Build configuration list for PBXProject "DataManager" */ = {
			isa = XCConfigurationList;
			buildConfigurations = (
				5541AA0F29D9EC3F00643055 /* Debug */,
				5541AA1029D9EC3F00643055 /* Release */,
			);
			defaultConfigurationIsVisible = 0;
			defaultConfigurationName = Release;
		};
		5541AA1129D9EC3F00643055 /* Build configuration list for PBXNativeTarget "DataManager" */ = {
			isa = XCConfigurationList;
			buildConfigurations = (
				5541AA1229D9EC3F00643055 /* Debug */,
				5541AA1329D9EC3F00643055 /* Release */,
			);
			defaultConfigurationIsVisible = 0;
			defaultConfigurationName = Release;
		};
/* End XCConfigurationList section */

/* Begin XCRemoteSwiftPackageReference section */
		556C74F32A169F6200D50F4D /* XCRemoteSwiftPackageReference "realm-swift" */ = {
			isa = XCRemoteSwiftPackageReference;
			repositoryURL = "https://github.com/realm/realm-swift.git";
			requirement = {
				kind = upToNextMajorVersion;
				minimumVersion = 10.39.1;
			};
		};
/* End XCRemoteSwiftPackageReference section */

/* Begin XCSwiftPackageProductDependency section */
		556C74F42A169F6200D50F4D /* Realm */ = {
			isa = XCSwiftPackageProductDependency;
			package = 556C74F32A169F6200D50F4D /* XCRemoteSwiftPackageReference "realm-swift" */;
			productName = Realm;
		};
		556C74F62A169F6200D50F4D /* RealmSwift */ = {
			isa = XCSwiftPackageProductDependency;
			package = 556C74F32A169F6200D50F4D /* XCRemoteSwiftPackageReference "realm-swift" */;
			productName = RealmSwift;
		};
/* End XCSwiftPackageProductDependency section */

/* Begin XCVersionGroup section */
		55F8B97A2A019148000C48D0 /* PersonModel.xcdatamodeld */ = {
			isa = XCVersionGroup;
			children = (
				55F8B97B2A019148000C48D0 /* PersonModel.xcdatamodel */,
			);
			currentVersion = 55F8B97B2A019148000C48D0 /* PersonModel.xcdatamodel */;
			path = PersonModel.xcdatamodeld;
			sourceTree = "<group>";
			versionGroupType = wrapper.xcdatamodel;
		};
/* End XCVersionGroup section */
	};
	rootObject = 5541A9F529D9EC3E00643055 /* Project object */;
}
